
Microsoft Visual Studio Solution File, Format Version 12.00
# Visual Studio Version 17
VisualStudioVersion = 17.8.34322.80
MinimumVisualStudioVersion = 10.0.40219.1
Project("{2150E333-8FDC-42A3-9474-1A3956D46DE8}") = "Services", "Services", "{F5CDAF10-A5E9-45AE-BBFC-BF832B7331C3}"
EndProject
Project("{2150E333-8FDC-42A3-9474-1A3956D46DE8}") = "Catalog", "Catalog", "{6835B975-F8E2-4366-8FB9-457723FF45BB}"
EndProject
Project("{FAE04EC0-301F-11D3-BF4B-00C04F79EFBC}") = "Catalog.API", "Catalog.API\Catalog.API.csproj", "{2CC6E459-83CE-4E68-9EC7-36525422A7A9}"
EndProject
Global
	GlobalSection(SolutionConfigurationPlatforms) = preSolution
		Debug|Any CPU = Debug|Any CPU
		Release|Any CPU = Release|Any CPU
	EndGlobalSection
	GlobalSection(ProjectConfigurationPlatforms) = postSolution
		{2CC6E459-83CE-4E68-9EC7-36525422A7A9}.Debug|Any CPU.ActiveCfg = Debug|Any CPU
		{2CC6E459-83CE-4E68-9EC7-36525422A7A9}.Debug|Any CPU.Build.0 = Debug|Any CPU
		{2CC6E459-83CE-4E68-9EC7-36525422A7A9}.Release|Any CPU.ActiveCfg = Release|Any CPU
		{2CC6E459-83CE-4E68-9EC7-36525422A7A9}.Release|Any CPU.Build.0 = Release|Any CPU
	EndGlobalSection
	GlobalSection(SolutionProperties) = preSolution
		HideSolutionNode = FALSE
	EndGlobalSection
	GlobalSection(NestedProjects) = preSolution
		{6835B975-F8E2-4366-8FB9-457723FF45BB} = {F5CDAF10-A5E9-45AE-BBFC-BF832B7331C3}
		{2CC6E459-83CE-4E68-9EC7-36525422A7A9} = {6835B975-F8E2-4366-8FB9-457723FF45BB}
	EndGlobalSection
	GlobalSection(ExtensibilityGlobals) = postSolution
		SolutionGuid = {5FF8EDB6-7177-417A-96B8-1B6A6C3756BC}
	EndGlobalSection
EndGlobal
