
Microsoft Visual Studio Solution File, Format Version 12.00
# Visual Studio Version 17
VisualStudioVersion = 17.8.34322.80
MinimumVisualStudioVersion = 10.0.40219.1
Project("{2150E333-8FDC-42A3-9474-1A3956D46DE8}") = "Services", "Services", "{F5CDAF10-A5E9-45AE-BBFC-BF832B7331C3}"
EndProject
Project("{2150E333-8FDC-42A3-9474-1A3956D46DE8}") = "Catalog", "Catalog", "{6835B975-F8E2-4366-8FB9-457723FF45BB}"
EndProject
Project("{2150E333-8FDC-42A3-9474-1A3956D46DE8}") = "Common", "Common", "{55EC42ED-E8D5-4559-9678-FA0C4DB8D3BC}"
EndProject
Project("{9A19103F-16F7-4668-BE54-9A1E7A4F7556}") = "Common", "Common\Common\Common.csproj", "{3E014349-D0B4-47D3-8BE8-3D266399876D}"
EndProject
Project("{9A19103F-16F7-4668-BE54-9A1E7A4F7556}") = "Catalog.API", "Services\Catalog.API\Catalog.API.csproj", "{EF60CACD-771C-4716-A967-45C55852E38D}"
EndProject
Global
	GlobalSection(SolutionConfigurationPlatforms) = preSolution
		Debug|Any CPU = Debug|Any CPU
		Release|Any CPU = Release|Any CPU
	EndGlobalSection
	GlobalSection(ProjectConfigurationPlatforms) = postSolution
		{3E014349-D0B4-47D3-8BE8-3D266399876D}.Debug|Any CPU.ActiveCfg = Debug|Any CPU
		{3E014349-D0B4-47D3-8BE8-3D266399876D}.Debug|Any CPU.Build.0 = Debug|Any CPU
		{3E014349-D0B4-47D3-8BE8-3D266399876D}.Release|Any CPU.ActiveCfg = Release|Any CPU
		{3E014349-D0B4-47D3-8BE8-3D266399876D}.Release|Any CPU.Build.0 = Release|Any CPU
		{EF60CACD-771C-4716-A967-45C55852E38D}.Debug|Any CPU.ActiveCfg = Debug|Any CPU
		{EF60CACD-771C-4716-A967-45C55852E38D}.Debug|Any CPU.Build.0 = Debug|Any CPU
		{EF60CACD-771C-4716-A967-45C55852E38D}.Release|Any CPU.ActiveCfg = Release|Any CPU
		{EF60CACD-771C-4716-A967-45C55852E38D}.Release|Any CPU.Build.0 = Release|Any CPU
	EndGlobalSection
	GlobalSection(SolutionProperties) = preSolution
		HideSolutionNode = FALSE
	EndGlobalSection
	GlobalSection(NestedProjects) = preSolution
		{6835B975-F8E2-4366-8FB9-457723FF45BB} = {F5CDAF10-A5E9-45AE-BBFC-BF832B7331C3}
		{3E014349-D0B4-47D3-8BE8-3D266399876D} = {55EC42ED-E8D5-4559-9678-FA0C4DB8D3BC}
		{EF60CACD-771C-4716-A967-45C55852E38D} = {6835B975-F8E2-4366-8FB9-457723FF45BB}
	EndGlobalSection
	GlobalSection(ExtensibilityGlobals) = postSolution
		SolutionGuid = {5FF8EDB6-7177-417A-96B8-1B6A6C3756BC}
	EndGlobalSection
EndGlobal
